
Microsoft Visual Studio Solution File, Format Version 12.00
# Visual Studio Version 17
VisualStudioVersion = 17.0.31903.59
MinimumVisualStudioVersion = 10.0.40219.1
Project("{FAE04EC0-301F-11D3-BF4B-00C04F79EFBC}") = "API", "API\API.csproj", "{3AF822E5-BBA3-47F5-9705-35D2EA943BE6}"
EndProject
Project("{FAE04EC0-301F-11D3-BF4B-00C04F79EFBC}") = "Application", "Application\Application.csproj", "{8B40EB2D-D106-4F47-B6AD-E331A324F2BE}"
EndProject
Project("{FAE04EC0-301F-11D3-BF4B-00C04F79EFBC}") = "Domain", "Domain\Domain.csproj", "{92F73CB0-2788-4123-B595-2F771AF7F5DD}"
EndProject
Project("{FAE04EC0-301F-11D3-BF4B-00C04F79EFBC}") = "Persistence", "Persistence\Persistence.csproj", "{9FB54482-5AE5-469C-B325-D720100BF42F}"
EndProject
Global
	GlobalSection(SolutionConfigurationPlatforms) = preSolution
		Debug|Any CPU = Debug|Any CPU
		Release|Any CPU = Release|Any CPU
	EndGlobalSection
	GlobalSection(SolutionProperties) = preSolution
		HideSolutionNode = FALSE
	EndGlobalSection
	GlobalSection(ProjectConfigurationPlatforms) = postSolution
		{3AF822E5-BBA3-47F5-9705-35D2EA943BE6}.Debug|Any CPU.ActiveCfg = Debug|Any CPU
		{3AF822E5-BBA3-47F5-9705-35D2EA943BE6}.Debug|Any CPU.Build.0 = Debug|Any CPU
		{3AF822E5-BBA3-47F5-9705-35D2EA943BE6}.Release|Any CPU.ActiveCfg = Release|Any CPU
		{3AF822E5-BBA3-47F5-9705-35D2EA943BE6}.Release|Any CPU.Build.0 = Release|Any CPU
		{8B40EB2D-D106-4F47-B6AD-E331A324F2BE}.Debug|Any CPU.ActiveCfg = Debug|Any CPU
		{8B40EB2D-D106-4F47-B6AD-E331A324F2BE}.Debug|Any CPU.Build.0 = Debug|Any CPU
		{8B40EB2D-D106-4F47-B6AD-E331A324F2BE}.Release|Any CPU.ActiveCfg = Release|Any CPU
		{8B40EB2D-D106-4F47-B6AD-E331A324F2BE}.Release|Any CPU.Build.0 = Release|Any CPU
		{92F73CB0-2788-4123-B595-2F771AF7F5DD}.Debug|Any CPU.ActiveCfg = Debug|Any CPU
		{92F73CB0-2788-4123-B595-2F771AF7F5DD}.Debug|Any CPU.Build.0 = Debug|Any CPU
		{92F73CB0-2788-4123-B595-2F771AF7F5DD}.Release|Any CPU.ActiveCfg = Release|Any CPU
		{92F73CB0-2788-4123-B595-2F771AF7F5DD}.Release|Any CPU.Build.0 = Release|Any CPU
		{9FB54482-5AE5-469C-B325-D720100BF42F}.Debug|Any CPU.ActiveCfg = Debug|Any CPU
		{9FB54482-5AE5-469C-B325-D720100BF42F}.Debug|Any CPU.Build.0 = Debug|Any CPU
		{9FB54482-5AE5-469C-B325-D720100BF42F}.Release|Any CPU.ActiveCfg = Release|Any CPU
		{9FB54482-5AE5-469C-B325-D720100BF42F}.Release|Any CPU.Build.0 = Release|Any CPU
	EndGlobalSection
EndGlobal
